// !$*UTF8*$!
{
	archiveVersion = 1;
	classes = {
	};
	objectVersion = 46;
	objects = {

/* Begin PBXBuildFile section */
		97A1F5D815703C6300D8B6BE /* Project_T.1 in CopyFiles */ = {isa = PBXBuildFile; fileRef = 97A1F5D715703C6300D8B6BE /* Project_T.1 */; };
		97A1F5E31572D74700D8B6BE /* hopscotch.cc in Sources */ = {isa = PBXBuildFile; fileRef = 97A1F5E21572D74700D8B6BE /* hopscotch.cc */; };
		97A1F5EA15739F7900D8B6BE /* libcityhash.0.dylib in Frameworks */ = {isa = PBXBuildFile; fileRef = 97A1F5E915739F7900D8B6BE /* libcityhash.0.dylib */; };
		97A1F5EC1573A24A00D8B6BE /* main.cc in Sources */ = {isa = PBXBuildFile; fileRef = 97A1F5EB1573A24A00D8B6BE /* main.cc */; };
/* End PBXBuildFile section */

/* Begin PBXCopyFilesBuildPhase section */
		97A1F5CF15703C6200D8B6BE /* CopyFiles */ = {
			isa = PBXCopyFilesBuildPhase;
			buildActionMask = 2147483647;
			dstPath = /usr/share/man/man1/;
			dstSubfolderSpec = 0;
			files = (
				97A1F5D815703C6300D8B6BE /* Project_T.1 in CopyFiles */,
			);
			runOnlyForDeploymentPostprocessing = 1;
		};
/* End PBXCopyFilesBuildPhase section */

/* Begin PBXFileReference section */
		97A1F5D115703C6200D8B6BE /* Project T */ = {isa = PBXFileReference; explicitFileType = "compiled.mach-o.executable"; includeInIndex = 0; path = "Project T"; sourceTree = BUILT_PRODUCTS_DIR; };
		97A1F5D715703C6300D8B6BE /* Project_T.1 */ = {isa = PBXFileReference; lastKnownFileType = text.man; path = Project_T.1; sourceTree = "<group>"; };
		97A1F5DF1572CA4F00D8B6BE /* hopscotch.h */ = {isa = PBXFileReference; lastKnownFileType = sourcecode.c.h; path = hopscotch.h; sourceTree = "<group>"; };
		97A1F5E21572D74700D8B6BE /* hopscotch.cc */ = {isa = PBXFileReference; fileEncoding = 4; lastKnownFileType = sourcecode.cpp.cpp; path = hopscotch.cc; sourceTree = "<group>"; };
		97A1F5E915739F7900D8B6BE /* libcityhash.0.dylib */ = {isa = PBXFileReference; lastKnownFileType = "compiled.mach-o.dylib"; name = libcityhash.0.dylib; path = "../../../../../../../opt/cityhash-1.0.3/lib/libcityhash.0.dylib"; sourceTree = "<group>"; };
		97A1F5EB1573A24A00D8B6BE /* main.cc */ = {isa = PBXFileReference; explicitFileType = sourcecode.cpp.cpp; fileEncoding = 4; name = main.cc; path = "Project T/main.cc"; sourceTree = SOURCE_ROOT; };
/* End PBXFileReference section */

/* Begin PBXFrameworksBuildPhase section */
		97A1F5CE15703C6200D8B6BE /* Frameworks */ = {
			isa = PBXFrameworksBuildPhase;
			buildActionMask = 2147483647;
			files = (
				97A1F5EA15739F7900D8B6BE /* libcityhash.0.dylib in Frameworks */,
			);
			runOnlyForDeploymentPostprocessing = 0;
		};
/* End PBXFrameworksBuildPhase section */

/* Begin PBXGroup section */
		97A1F5C615703C6200D8B6BE = {
			isa = PBXGroup;
			children = (
				97A1F5E915739F7900D8B6BE /* libcityhash.0.dylib */,
				97A1F5D415703C6200D8B6BE /* Project T */,
				97A1F5D215703C6200D8B6BE /* Products */,
			);
			sourceTree = "<group>";
		};
		97A1F5D215703C6200D8B6BE /* Products */ = {
			isa = PBXGroup;
			children = (
				97A1F5D115703C6200D8B6BE /* Project T */,
			);
			name = Products;
			sourceTree = "<group>";
		};
		97A1F5D415703C6200D8B6BE /* Project T */ = {
			isa = PBXGroup;
			children = (
				97A1F5EB1573A24A00D8B6BE /* main.cc */,
				97A1F5DE1572C9B500D8B6BE /* src */,
				97A1F5D715703C6300D8B6BE /* Project_T.1 */,
			);
			path = "Project T";
			sourceTree = "<group>";
		};
		97A1F5DE1572C9B500D8B6BE /* src */ = {
			isa = PBXGroup;
			children = (
				97A1F5DF1572CA4F00D8B6BE /* hopscotch.h */,
				97A1F5E21572D74700D8B6BE /* hopscotch.cc */,
			);
			name = src;
			sourceTree = "<group>";
		};
/* End PBXGroup section */

/* Begin PBXNativeTarget section */
		97A1F5D015703C6200D8B6BE /* Project T */ = {
			isa = PBXNativeTarget;
			buildConfigurationList = 97A1F5DB15703C6300D8B6BE /* Build configuration list for PBXNativeTarget "Project T" */;
			buildPhases = (
				97A1F5CD15703C6200D8B6BE /* Sources */,
				97A1F5CE15703C6200D8B6BE /* Frameworks */,
				97A1F5CF15703C6200D8B6BE /* CopyFiles */,
			);
			buildRules = (
			);
			dependencies = (
			);
			name = "Project T";
			productName = "Project T";
			productReference = 97A1F5D115703C6200D8B6BE /* Project T */;
			productType = "com.apple.product-type.tool";
		};
/* End PBXNativeTarget section */

/* Begin PBXProject section */
		97A1F5C815703C6200D8B6BE /* Project object */ = {
			isa = PBXProject;
			attributes = {
				CLASSPREFIX = com.mightyreason;
				LastUpgradeCheck = 0430;
				ORGANIZATIONNAME = "Chris Kuklewicz";
			};
			buildConfigurationList = 97A1F5CB15703C6200D8B6BE /* Build configuration list for PBXProject "Project T" */;
			compatibilityVersion = "Xcode 3.2";
			developmentRegion = English;
			hasScannedForEncodings = 0;
			knownRegions = (
				en,
			);
			mainGroup = 97A1F5C615703C6200D8B6BE;
			productRefGroup = 97A1F5D215703C6200D8B6BE /* Products */;
			projectDirPath = "";
			projectRoot = "";
			targets = (
				97A1F5D015703C6200D8B6BE /* Project T */,
			);
		};
/* End PBXProject section */

/* Begin PBXSourcesBuildPhase section */
		97A1F5CD15703C6200D8B6BE /* Sources */ = {
			isa = PBXSourcesBuildPhase;
			buildActionMask = 2147483647;
			files = (
				97A1F5EC1573A24A00D8B6BE /* main.cc in Sources */,
				97A1F5E31572D74700D8B6BE /* hopscotch.cc in Sources */,
			);
			runOnlyForDeploymentPostprocessing = 0;
		};
/* End PBXSourcesBuildPhase section */

/* Begin XCBuildConfiguration section */
		97A1F5D915703C6300D8B6BE /* Debug */ = {
			isa = XCBuildConfiguration;
			buildSettings = {
				ALWAYS_SEARCH_USER_PATHS = YES;
				ARCHS = "$(ARCHS_STANDARD_64_BIT)";
				CLANG_CXX_LANGUAGE_STANDARD = "compiler-default";
				CLANG_ENABLE_OBJC_ARC = YES;
				COPY_PHASE_STRIP = NO;
				GCC_C_LANGUAGE_STANDARD = gnu99;
				GCC_DYNAMIC_NO_PIC = NO;
				GCC_ENABLE_OBJC_EXCEPTIONS = YES;
				GCC_OPTIMIZATION_LEVEL = 0;
				GCC_PREPROCESSOR_DEFINITIONS = (
					"DEBUG=1",
					"$(inherited)",
				);
				GCC_SYMBOLS_PRIVATE_EXTERN = NO;
				GCC_VERSION = com.apple.compilers.llvm.clang.1_0;
				GCC_WARN_64_TO_32_BIT_CONVERSION = YES;
				GCC_WARN_ABOUT_RETURN_TYPE = YES;
				GCC_WARN_UNINITIALIZED_AUTOS = YES;
				GCC_WARN_UNUSED_VARIABLE = YES;
				HEADER_SEARCH_PATHS = (
					"/opt/cityhash-1.0.3/include",
					/opt/local/include,
				);
				LIBRARY_SEARCH_PATHS = "/opt/cityhash-1.0.3/lib";
				MACOSX_DEPLOYMENT_TARGET = 10.7;
				ONLY_ACTIVE_ARCH = YES;
				SDKROOT = macosx;
				USER_HEADER_SEARCH_PATHS = "/opt/cityhash-1.0.3/include /opt/local/include";
			};
			name = Debug;
		};
		97A1F5DA15703C6300D8B6BE /* Release */ = {
			isa = XCBuildConfiguration;
			buildSettings = {
				ALWAYS_SEARCH_USER_PATHS = YES;
				ARCHS = "$(ARCHS_STANDARD_64_BIT)";
				CLANG_CXX_LANGUAGE_STANDARD = "compiler-default";
				CLANG_ENABLE_OBJC_ARC = YES;
				COPY_PHASE_STRIP = YES;
				DEBUG_INFORMATION_FORMAT = "dwarf-with-dsym";
				GCC_C_LANGUAGE_STANDARD = gnu99;
				GCC_ENABLE_OBJC_EXCEPTIONS = YES;
				GCC_VERSION = com.apple.compilers.llvm.clang.1_0;
				GCC_WARN_64_TO_32_BIT_CONVERSION = YES;
				GCC_WARN_ABOUT_RETURN_TYPE = YES;
				GCC_WARN_UNINITIALIZED_AUTOS = YES;
				GCC_WARN_UNUSED_VARIABLE = YES;
				HEADER_SEARCH_PATHS = (
					"/opt/cityhash-1.0.3/include",
					/opt/local/include,
				);
				LIBRARY_SEARCH_PATHS = "/opt/cityhash-1.0.3/lib";
				MACOSX_DEPLOYMENT_TARGET = 10.7;
				SDKROOT = macosx;
				USER_HEADER_SEARCH_PATHS = "/opt/cityhash-1.0.3/include /opt/local/include";
			};
			name = Release;
		};
		97A1F5DC15703C6300D8B6BE /* Debug */ = {
			isa = XCBuildConfiguration;
			buildSettings = {
				LIBRARY_SEARCH_PATHS = (
					"$(inherited)",
					"\"/opt/cityhash-1.0.3/lib\"",
				);
				PRODUCT_NAME = "$(TARGET_NAME)";
			};
			name = Debug;
		};
		97A1F5DD15703C6300D8B6BE /* Release */ = {
			isa = XCBuildConfiguration;
			buildSettings = {
				LIBRARY_SEARCH_PATHS = (
					"$(inherited)",
					"\"/opt/cityhash-1.0.3/lib\"",
				);
				PRODUCT_NAME = "$(TARGET_NAME)";
			};
			name = Release;
		};
/* End XCBuildConfiguration section */

/* Begin XCConfigurationList section */
		97A1F5CB15703C6200D8B6BE /* Build configuration list for PBXProject "Project T" */ = {
			isa = XCConfigurationList;
			buildConfigurations = (
				97A1F5D915703C6300D8B6BE /* Debug */,
				97A1F5DA15703C6300D8B6BE /* Release */,
			);
			defaultConfigurationIsVisible = 0;
			defaultConfigurationName = Release;
		};
		97A1F5DB15703C6300D8B6BE /* Build configuration list for PBXNativeTarget "Project T" */ = {
			isa = XCConfigurationList;
			buildConfigurations = (
				97A1F5DC15703C6300D8B6BE /* Debug */,
				97A1F5DD15703C6300D8B6BE /* Release */,
			);
			defaultConfigurationIsVisible = 0;
			defaultConfigurationName = Release;
		};
/* End XCConfigurationList section */
	};
	rootObject = 97A1F5C815703C6200D8B6BE /* Project object */;
}
